
Microsoft Visual Studio Solution File, Format Version 12.00
# Visual Studio Version 17
VisualStudioVersion = 17.7.34003.232
MinimumVisualStudioVersion = 10.0.40219.1
Project("{FAE04EC0-301F-11D3-BF4B-00C04F79EFBC}") = "Calaulator", "Calaulator\Calaulator.csproj", "{094EAD78-C780-4D16-B04A-25B89FEC9150}"
EndProject
Global
	GlobalSection(SolutionConfigurationPlatforms) = preSolution
		Debug|Any CPU = Debug|Any CPU
		Release|Any CPU = Release|Any CPU
	EndGlobalSection
	GlobalSection(ProjectConfigurationPlatforms) = postSolution
		{094EAD78-C780-4D16-B04A-25B89FEC9150}.Debug|Any CPU.ActiveCfg = Debug|Any CPU
		{094EAD78-C780-4D16-B04A-25B89FEC9150}.Debug|Any CPU.Build.0 = Debug|Any CPU
		{094EAD78-C780-4D16-B04A-25B89FEC9150}.Release|Any CPU.ActiveCfg = Release|Any CPU
		{094EAD78-C780-4D16-B04A-25B89FEC9150}.Release|Any CPU.Build.0 = Release|Any CPU
	EndGlobalSection
	GlobalSection(SolutionProperties) = preSolution
		HideSolutionNode = FALSE
	EndGlobalSection
	GlobalSection(ExtensibilityGlobals) = postSolution
		SolutionGuid = {05253C54-A42B-4356-97FC-71D2FB6BA4AA}
	EndGlobalSection
EndGlobal
